dependencies:
  - name: prometheus
    repository: https://prometheus-community.github.io/helm-charts
    version: 27.11.0
  - name: prometheus-operator-crds
    repository: https://prometheus-community.github.io/helm-charts
    version: 19.1.0
  - name: prometheus-blackbox-exporter
    repository: https://prometheus-community.github.io/helm-charts
    version: 9.4.0
digest: sha256:d9859838b7727270157997733e2f342bf770dc1e0156b6b6ca73b9b4c154b39e
generated: "2025-04-22T15:11:03.533127+03:00"
