dependencies:
- name: prometheus
  repository: https://prometheus-community.github.io/helm-charts
  version: 27.20.0
- name: prometheus-operator-crds
  repository: https://prometheus-community.github.io/helm-charts
  version: 20.0.1
- name: prometheus-blackbox-exporter
  repository: https://prometheus-community.github.io/helm-charts
  version: 10.1.0
digest: sha256:03db05f7e0b1b8f465803cabca4fde5ee578314aba5aa627e0499d1195fbbf43
generated: "2025-06-05T12:31:47.073961+03:00"
