dependencies:
- name: prometheus
  repository: https://prometheus-community.github.io/helm-charts
  version: 25.30.2
- name: prometheus-operator-crds
  repository: https://prometheus-community.github.io/helm-charts
  version: 16.0.1
digest: sha256:da1a6cba630f21731fcf66e750ceb884057965125d9d351d17e980248f8481e0
generated: "2024-12-13T15:33:35.740975+02:00"
