dependencies:
- name: istiod
  repository: https://istio-release.storage.googleapis.com/charts
  version: 1.18.2
- name: gateway
  repository: https://istio-release.storage.googleapis.com/charts
  version: 1.18.2
digest: sha256:befed37d2dd8d8fae0f3b9130c46846b456012c2d40c98c9b72df76895d8fa19
generated: "2023-08-11T13:38:26.137441897+03:00"
