dependencies:
- name: argo-cd
  repository: https://argoproj.github.io/argo-helm
  version: 5.26.1
- name: argocd-apps
  repository: https://argoproj.github.io/argo-helm
  version: 1.4.1
digest: sha256:ecb5841b3580fabf358fd58d8243a0aa8151b314f62b25ce94cc26588d2c46a8
generated: "2023-09-13T11:04:12.686930121+03:00"
