dependencies:
- name: argo-cd
  repository: https://argoproj.github.io/argo-helm
  version: 7.8.5
- name: argocd-apps
  repository: https://argoproj.github.io/argo-helm
  version: 2.0.2
digest: sha256:af1ca0f82ac83ecd62f31898eb0d38820715d3bc38fa4ccb6dcebd071d730a7b
generated: "2025-02-25T14:37:02.992493033+02:00"
